
Microsoft Visual Studio Solution File, Format Version 12.00
# Visual Studio Version 16
VisualStudioVersion = 16.0.31702.278
MinimumVisualStudioVersion = 10.0.40219.1
Project("{2150E333-8FDC-42A3-9474-1A3956D46DE8}") = "Solution Items", "Solution Items", "{8AB4DAC2-EA5E-41EA-8189-7FC5FD539222}"
	ProjectSection(SolutionItems) = preProject
		.editorconfig = .editorconfig
		Readme.md = Readme.md
	EndProjectSection
EndProject
Project("{2150E333-8FDC-42A3-9474-1A3956D46DE8}") = "src", "src", "{F9C51A4B-9C1B-4B3F-9FDE-13D848720A4C}"
EndProject
Project("{2150E333-8FDC-42A3-9474-1A3956D46DE8}") = "doc", "doc", "{92524429-6651-4C15-8878-55F4D177289F}"
EndProject
Project("{2150E333-8FDC-42A3-9474-1A3956D46DE8}") = "Service 1", "Service 1", "{D2631E61-098B-4C50-9125-6820558F6560}"
EndProject
Project("{2150E333-8FDC-42A3-9474-1A3956D46DE8}") = "Service 2", "Service 2", "{A5948C32-7A35-4617-A539-FF8045ECDEB8}"
EndProject
Project("{9A19103F-16F7-4668-BE54-9A1E7A4F7556}") = "Api", "Service 1\src\Fiter.Access.Api\Api.csproj", "{671AE30B-FF41-431E-8F48-E9689D5CBDF3}"
EndProject
Project("{9A19103F-16F7-4668-BE54-9A1E7A4F7556}") = "Application", "Service 1\src\Fiter.Access.App\Application.csproj", "{7C5614A0-17FD-461E-B7A4-3B57970FE653}"
EndProject
Project("{9A19103F-16F7-4668-BE54-9A1E7A4F7556}") = "Domain", "Service 1\src\Fiter.Access.Domain\Domain.csproj", "{2BA50754-A092-44C2-A2CA-11E615914CB9}"
EndProject
Project("{9A19103F-16F7-4668-BE54-9A1E7A4F7556}") = "Infrastructure", "Service 1\src\Fiter.Access.Infra\Infrastructure.csproj", "{0177A73E-1183-4B0D-924D-B9C3ECB5BA79}"
EndProject
Project("{2150E333-8FDC-42A3-9474-1A3956D46DE8}") = "test", "test", "{F2BDE3D2-6C4E-4326-8FAF-672FC221CFDB}"
EndProject
Project("{9A19103F-16F7-4668-BE54-9A1E7A4F7556}") = "Functional.Tests", "Service 1\test\Functional.Tests\Functional.Tests.csproj", "{1C450C85-30A6-433E-956A-B09792E1DFC7}"
EndProject
Project("{9A19103F-16F7-4668-BE54-9A1E7A4F7556}") = "Integration.Tests", "Service 1\test\Integration.Tests\Integration.Tests.csproj", "{644CCA5F-A523-402A-B0E4-A0E036F8A686}"
EndProject
Project("{9A19103F-16F7-4668-BE54-9A1E7A4F7556}") = "Unit.Test", "Service 1\test\Unit.Test\Unit.Test.csproj", "{AC855349-BD9F-47E8-BFA9-54ABFC95F9EB}"
EndProject
Project("{2150E333-8FDC-42A3-9474-1A3956D46DE8}") = "src", "src", "{DDB5BC5D-4999-4370-A45B-F7DB35097026}"
EndProject
Project("{2150E333-8FDC-42A3-9474-1A3956D46DE8}") = "test", "test", "{0F397448-B211-4DA9-B724-9243AC366984}"
EndProject
Project("{9A19103F-16F7-4668-BE54-9A1E7A4F7556}") = "Api", "Service 2\src\Fiter.Access.Api\Api.csproj", "{875D2B12-28F8-4AD6-8284-E208B2AD69EF}"
EndProject
Project("{9A19103F-16F7-4668-BE54-9A1E7A4F7556}") = "Application", "Service 2\src\Fiter.Access.App\Application.csproj", "{68CF9A12-DFDD-4891-AABF-DBB57F96C4CC}"
EndProject
Project("{9A19103F-16F7-4668-BE54-9A1E7A4F7556}") = "Domain", "Service 2\src\Fiter.Access.Domain\Domain.csproj", "{5D8C1350-7665-41E8-BB9E-FF4545BA49BC}"
EndProject
Project("{9A19103F-16F7-4668-BE54-9A1E7A4F7556}") = "Infrastructure", "Service 2\src\Fiter.Access.Infra\Infrastructure.csproj", "{4F158C66-6217-4FEA-B7FE-4F884CB41E25}"
EndProject
Project("{9A19103F-16F7-4668-BE54-9A1E7A4F7556}") = "Functional.Tests", "Service 2\test\Functional.Tests\Functional.Tests.csproj", "{25C54FCA-3344-45F4-92A0-2D140983D317}"
EndProject
Project("{9A19103F-16F7-4668-BE54-9A1E7A4F7556}") = "Integration.Tests", "Service 2\test\Integration.Tests\Integration.Tests.csproj", "{C8E462A6-F50E-4318-9677-619B517F5BA9}"
EndProject
Project("{9A19103F-16F7-4668-BE54-9A1E7A4F7556}") = "Unit.Test", "Service 2\test\Unit.Test\Unit.Test.csproj", "{29B96EB9-B728-4341-82AF-045B6C0C5E66}"
EndProject
Global
	GlobalSection(SolutionConfigurationPlatforms) = preSolution
		Debug|Any CPU = Debug|Any CPU
		Debug|x86 = Debug|x86
		Release|Any CPU = Release|Any CPU
		Release|x86 = Release|x86
	EndGlobalSection
	GlobalSection(ProjectConfigurationPlatforms) = postSolution
		{671AE30B-FF41-431E-8F48-E9689D5CBDF3}.Debug|Any CPU.ActiveCfg = Debug|Any CPU
		{671AE30B-FF41-431E-8F48-E9689D5CBDF3}.Debug|Any CPU.Build.0 = Debug|Any CPU
		{671AE30B-FF41-431E-8F48-E9689D5CBDF3}.Debug|x86.ActiveCfg = Debug|Any CPU
		{671AE30B-FF41-431E-8F48-E9689D5CBDF3}.Debug|x86.Build.0 = Debug|Any CPU
		{671AE30B-FF41-431E-8F48-E9689D5CBDF3}.Release|Any CPU.ActiveCfg = Release|Any CPU
		{671AE30B-FF41-431E-8F48-E9689D5CBDF3}.Release|Any CPU.Build.0 = Release|Any CPU
		{671AE30B-FF41-431E-8F48-E9689D5CBDF3}.Release|x86.ActiveCfg = Release|Any CPU
		{671AE30B-FF41-431E-8F48-E9689D5CBDF3}.Release|x86.Build.0 = Release|Any CPU
		{7C5614A0-17FD-461E-B7A4-3B57970FE653}.Debug|Any CPU.ActiveCfg = Debug|Any CPU
		{7C5614A0-17FD-461E-B7A4-3B57970FE653}.Debug|Any CPU.Build.0 = Debug|Any CPU
		{7C5614A0-17FD-461E-B7A4-3B57970FE653}.Debug|x86.ActiveCfg = Debug|Any CPU
		{7C5614A0-17FD-461E-B7A4-3B57970FE653}.Debug|x86.Build.0 = Debug|Any CPU
		{7C5614A0-17FD-461E-B7A4-3B57970FE653}.Release|Any CPU.ActiveCfg = Release|Any CPU
		{7C5614A0-17FD-461E-B7A4-3B57970FE653}.Release|Any CPU.Build.0 = Release|Any CPU
		{7C5614A0-17FD-461E-B7A4-3B57970FE653}.Release|x86.ActiveCfg = Release|Any CPU
		{7C5614A0-17FD-461E-B7A4-3B57970FE653}.Release|x86.Build.0 = Release|Any CPU
		{2BA50754-A092-44C2-A2CA-11E615914CB9}.Debug|Any CPU.ActiveCfg = Debug|Any CPU
		{2BA50754-A092-44C2-A2CA-11E615914CB9}.Debug|Any CPU.Build.0 = Debug|Any CPU
		{2BA50754-A092-44C2-A2CA-11E615914CB9}.Debug|x86.ActiveCfg = Debug|Any CPU
		{2BA50754-A092-44C2-A2CA-11E615914CB9}.Debug|x86.Build.0 = Debug|Any CPU
		{2BA50754-A092-44C2-A2CA-11E615914CB9}.Release|Any CPU.ActiveCfg = Release|Any CPU
		{2BA50754-A092-44C2-A2CA-11E615914CB9}.Release|Any CPU.Build.0 = Release|Any CPU
		{2BA50754-A092-44C2-A2CA-11E615914CB9}.Release|x86.ActiveCfg = Release|Any CPU
		{2BA50754-A092-44C2-A2CA-11E615914CB9}.Release|x86.Build.0 = Release|Any CPU
		{0177A73E-1183-4B0D-924D-B9C3ECB5BA79}.Debug|Any CPU.ActiveCfg = Debug|Any CPU
		{0177A73E-1183-4B0D-924D-B9C3ECB5BA79}.Debug|Any CPU.Build.0 = Debug|Any CPU
		{0177A73E-1183-4B0D-924D-B9C3ECB5BA79}.Debug|x86.ActiveCfg = Debug|Any CPU
		{0177A73E-1183-4B0D-924D-B9C3ECB5BA79}.Debug|x86.Build.0 = Debug|Any CPU
		{0177A73E-1183-4B0D-924D-B9C3ECB5BA79}.Release|Any CPU.ActiveCfg = Release|Any CPU
		{0177A73E-1183-4B0D-924D-B9C3ECB5BA79}.Release|Any CPU.Build.0 = Release|Any CPU
		{0177A73E-1183-4B0D-924D-B9C3ECB5BA79}.Release|x86.ActiveCfg = Release|Any CPU
		{0177A73E-1183-4B0D-924D-B9C3ECB5BA79}.Release|x86.Build.0 = Release|Any CPU
		{1C450C85-30A6-433E-956A-B09792E1DFC7}.Debug|Any CPU.ActiveCfg = Debug|Any CPU
		{1C450C85-30A6-433E-956A-B09792E1DFC7}.Debug|Any CPU.Build.0 = Debug|Any CPU
		{1C450C85-30A6-433E-956A-B09792E1DFC7}.Debug|x86.ActiveCfg = Debug|Any CPU
		{1C450C85-30A6-433E-956A-B09792E1DFC7}.Debug|x86.Build.0 = Debug|Any CPU
		{1C450C85-30A6-433E-956A-B09792E1DFC7}.Release|Any CPU.ActiveCfg = Release|Any CPU
		{1C450C85-30A6-433E-956A-B09792E1DFC7}.Release|Any CPU.Build.0 = Release|Any CPU
		{1C450C85-30A6-433E-956A-B09792E1DFC7}.Release|x86.ActiveCfg = Release|Any CPU
		{1C450C85-30A6-433E-956A-B09792E1DFC7}.Release|x86.Build.0 = Release|Any CPU
		{644CCA5F-A523-402A-B0E4-A0E036F8A686}.Debug|Any CPU.ActiveCfg = Debug|Any CPU
		{644CCA5F-A523-402A-B0E4-A0E036F8A686}.Debug|Any CPU.Build.0 = Debug|Any CPU
		{644CCA5F-A523-402A-B0E4-A0E036F8A686}.Debug|x86.ActiveCfg = Debug|Any CPU
		{644CCA5F-A523-402A-B0E4-A0E036F8A686}.Debug|x86.Build.0 = Debug|Any CPU
		{644CCA5F-A523-402A-B0E4-A0E036F8A686}.Release|Any CPU.ActiveCfg = Release|Any CPU
		{644CCA5F-A523-402A-B0E4-A0E036F8A686}.Release|Any CPU.Build.0 = Release|Any CPU
		{644CCA5F-A523-402A-B0E4-A0E036F8A686}.Release|x86.ActiveCfg = Release|Any CPU
		{644CCA5F-A523-402A-B0E4-A0E036F8A686}.Release|x86.Build.0 = Release|Any CPU
		{AC855349-BD9F-47E8-BFA9-54ABFC95F9EB}.Debug|Any CPU.ActiveCfg = Debug|Any CPU
		{AC855349-BD9F-47E8-BFA9-54ABFC95F9EB}.Debug|Any CPU.Build.0 = Debug|Any CPU
		{AC855349-BD9F-47E8-BFA9-54ABFC95F9EB}.Debug|x86.ActiveCfg = Debug|Any CPU
		{AC855349-BD9F-47E8-BFA9-54ABFC95F9EB}.Debug|x86.Build.0 = Debug|Any CPU
		{AC855349-BD9F-47E8-BFA9-54ABFC95F9EB}.Release|Any CPU.ActiveCfg = Release|Any CPU
		{AC855349-BD9F-47E8-BFA9-54ABFC95F9EB}.Release|Any CPU.Build.0 = Release|Any CPU
		{AC855349-BD9F-47E8-BFA9-54ABFC95F9EB}.Release|x86.ActiveCfg = Release|Any CPU
		{AC855349-BD9F-47E8-BFA9-54ABFC95F9EB}.Release|x86.Build.0 = Release|Any CPU
		{875D2B12-28F8-4AD6-8284-E208B2AD69EF}.Debug|Any CPU.ActiveCfg = Debug|Any CPU
		{875D2B12-28F8-4AD6-8284-E208B2AD69EF}.Debug|Any CPU.Build.0 = Debug|Any CPU
		{875D2B12-28F8-4AD6-8284-E208B2AD69EF}.Debug|x86.ActiveCfg = Debug|Any CPU
		{875D2B12-28F8-4AD6-8284-E208B2AD69EF}.Debug|x86.Build.0 = Debug|Any CPU
		{875D2B12-28F8-4AD6-8284-E208B2AD69EF}.Release|Any CPU.ActiveCfg = Release|Any CPU
		{875D2B12-28F8-4AD6-8284-E208B2AD69EF}.Release|Any CPU.Build.0 = Release|Any CPU
		{875D2B12-28F8-4AD6-8284-E208B2AD69EF}.Release|x86.ActiveCfg = Release|Any CPU
		{875D2B12-28F8-4AD6-8284-E208B2AD69EF}.Release|x86.Build.0 = Release|Any CPU
		{68CF9A12-DFDD-4891-AABF-DBB57F96C4CC}.Debug|Any CPU.ActiveCfg = Debug|Any CPU
		{68CF9A12-DFDD-4891-AABF-DBB57F96C4CC}.Debug|Any CPU.Build.0 = Debug|Any CPU
		{68CF9A12-DFDD-4891-AABF-DBB57F96C4CC}.Debug|x86.ActiveCfg = Debug|Any CPU
		{68CF9A12-DFDD-4891-AABF-DBB57F96C4CC}.Debug|x86.Build.0 = Debug|Any CPU
		{68CF9A12-DFDD-4891-AABF-DBB57F96C4CC}.Release|Any CPU.ActiveCfg = Release|Any CPU
		{68CF9A12-DFDD-4891-AABF-DBB57F96C4CC}.Release|Any CPU.Build.0 = Release|Any CPU
		{68CF9A12-DFDD-4891-AABF-DBB57F96C4CC}.Release|x86.ActiveCfg = Release|Any CPU
		{68CF9A12-DFDD-4891-AABF-DBB57F96C4CC}.Release|x86.Build.0 = Release|Any CPU
		{5D8C1350-7665-41E8-BB9E-FF4545BA49BC}.Debug|Any CPU.ActiveCfg = Debug|Any CPU
		{5D8C1350-7665-41E8-BB9E-FF4545BA49BC}.Debug|Any CPU.Build.0 = Debug|Any CPU
		{5D8C1350-7665-41E8-BB9E-FF4545BA49BC}.Debug|x86.ActiveCfg = Debug|Any CPU
		{5D8C1350-7665-41E8-BB9E-FF4545BA49BC}.Debug|x86.Build.0 = Debug|Any CPU
		{5D8C1350-7665-41E8-BB9E-FF4545BA49BC}.Release|Any CPU.ActiveCfg = Release|Any CPU
		{5D8C1350-7665-41E8-BB9E-FF4545BA49BC}.Release|Any CPU.Build.0 = Release|Any CPU
		{5D8C1350-7665-41E8-BB9E-FF4545BA49BC}.Release|x86.ActiveCfg = Release|Any CPU
		{5D8C1350-7665-41E8-BB9E-FF4545BA49BC}.Release|x86.Build.0 = Release|Any CPU
		{4F158C66-6217-4FEA-B7FE-4F884CB41E25}.Debug|Any CPU.ActiveCfg = Debug|Any CPU
		{4F158C66-6217-4FEA-B7FE-4F884CB41E25}.Debug|Any CPU.Build.0 = Debug|Any CPU
		{4F158C66-6217-4FEA-B7FE-4F884CB41E25}.Debug|x86.ActiveCfg = Debug|Any CPU
		{4F158C66-6217-4FEA-B7FE-4F884CB41E25}.Debug|x86.Build.0 = Debug|Any CPU
		{4F158C66-6217-4FEA-B7FE-4F884CB41E25}.Release|Any CPU.ActiveCfg = Release|Any CPU
		{4F158C66-6217-4FEA-B7FE-4F884CB41E25}.Release|Any CPU.Build.0 = Release|Any CPU
		{4F158C66-6217-4FEA-B7FE-4F884CB41E25}.Release|x86.ActiveCfg = Release|Any CPU
		{4F158C66-6217-4FEA-B7FE-4F884CB41E25}.Release|x86.Build.0 = Release|Any CPU
		{25C54FCA-3344-45F4-92A0-2D140983D317}.Debug|Any CPU.ActiveCfg = Debug|Any CPU
		{25C54FCA-3344-45F4-92A0-2D140983D317}.Debug|Any CPU.Build.0 = Debug|Any CPU
		{25C54FCA-3344-45F4-92A0-2D140983D317}.Debug|x86.ActiveCfg = Debug|Any CPU
		{25C54FCA-3344-45F4-92A0-2D140983D317}.Debug|x86.Build.0 = Debug|Any CPU
		{25C54FCA-3344-45F4-92A0-2D140983D317}.Release|Any CPU.ActiveCfg = Release|Any CPU
		{25C54FCA-3344-45F4-92A0-2D140983D317}.Release|Any CPU.Build.0 = Release|Any CPU
		{25C54FCA-3344-45F4-92A0-2D140983D317}.Release|x86.ActiveCfg = Release|Any CPU
		{25C54FCA-3344-45F4-92A0-2D140983D317}.Release|x86.Build.0 = Release|Any CPU
		{C8E462A6-F50E-4318-9677-619B517F5BA9}.Debug|Any CPU.ActiveCfg = Debug|Any CPU
		{C8E462A6-F50E-4318-9677-619B517F5BA9}.Debug|Any CPU.Build.0 = Debug|Any CPU
		{C8E462A6-F50E-4318-9677-619B517F5BA9}.Debug|x86.ActiveCfg = Debug|Any CPU
		{C8E462A6-F50E-4318-9677-619B517F5BA9}.Debug|x86.Build.0 = Debug|Any CPU
		{C8E462A6-F50E-4318-9677-619B517F5BA9}.Release|Any CPU.ActiveCfg = Release|Any CPU
		{C8E462A6-F50E-4318-9677-619B517F5BA9}.Release|Any CPU.Build.0 = Release|Any CPU
		{C8E462A6-F50E-4318-9677-619B517F5BA9}.Release|x86.ActiveCfg = Release|Any CPU
		{C8E462A6-F50E-4318-9677-619B517F5BA9}.Release|x86.Build.0 = Release|Any CPU
		{29B96EB9-B728-4341-82AF-045B6C0C5E66}.Debug|Any CPU.ActiveCfg = Debug|Any CPU
		{29B96EB9-B728-4341-82AF-045B6C0C5E66}.Debug|Any CPU.Build.0 = Debug|Any CPU
		{29B96EB9-B728-4341-82AF-045B6C0C5E66}.Debug|x86.ActiveCfg = Debug|Any CPU
		{29B96EB9-B728-4341-82AF-045B6C0C5E66}.Debug|x86.Build.0 = Debug|Any CPU
		{29B96EB9-B728-4341-82AF-045B6C0C5E66}.Release|Any CPU.ActiveCfg = Release|Any CPU
		{29B96EB9-B728-4341-82AF-045B6C0C5E66}.Release|Any CPU.Build.0 = Release|Any CPU
		{29B96EB9-B728-4341-82AF-045B6C0C5E66}.Release|x86.ActiveCfg = Release|Any CPU
		{29B96EB9-B728-4341-82AF-045B6C0C5E66}.Release|x86.Build.0 = Release|Any CPU
	EndGlobalSection
	GlobalSection(SolutionProperties) = preSolution
		HideSolutionNode = FALSE
	EndGlobalSection
	GlobalSection(NestedProjects) = preSolution
		{F9C51A4B-9C1B-4B3F-9FDE-13D848720A4C} = {D2631E61-098B-4C50-9125-6820558F6560}
		{92524429-6651-4C15-8878-55F4D177289F} = {8AB4DAC2-EA5E-41EA-8189-7FC5FD539222}
		{671AE30B-FF41-431E-8F48-E9689D5CBDF3} = {F9C51A4B-9C1B-4B3F-9FDE-13D848720A4C}
		{7C5614A0-17FD-461E-B7A4-3B57970FE653} = {F9C51A4B-9C1B-4B3F-9FDE-13D848720A4C}
		{2BA50754-A092-44C2-A2CA-11E615914CB9} = {F9C51A4B-9C1B-4B3F-9FDE-13D848720A4C}
		{0177A73E-1183-4B0D-924D-B9C3ECB5BA79} = {F9C51A4B-9C1B-4B3F-9FDE-13D848720A4C}
		{F2BDE3D2-6C4E-4326-8FAF-672FC221CFDB} = {D2631E61-098B-4C50-9125-6820558F6560}
		{1C450C85-30A6-433E-956A-B09792E1DFC7} = {F2BDE3D2-6C4E-4326-8FAF-672FC221CFDB}
		{644CCA5F-A523-402A-B0E4-A0E036F8A686} = {F2BDE3D2-6C4E-4326-8FAF-672FC221CFDB}
		{AC855349-BD9F-47E8-BFA9-54ABFC95F9EB} = {F2BDE3D2-6C4E-4326-8FAF-672FC221CFDB}
		{DDB5BC5D-4999-4370-A45B-F7DB35097026} = {A5948C32-7A35-4617-A539-FF8045ECDEB8}
		{0F397448-B211-4DA9-B724-9243AC366984} = {A5948C32-7A35-4617-A539-FF8045ECDEB8}
		{875D2B12-28F8-4AD6-8284-E208B2AD69EF} = {DDB5BC5D-4999-4370-A45B-F7DB35097026}
		{68CF9A12-DFDD-4891-AABF-DBB57F96C4CC} = {DDB5BC5D-4999-4370-A45B-F7DB35097026}
		{5D8C1350-7665-41E8-BB9E-FF4545BA49BC} = {DDB5BC5D-4999-4370-A45B-F7DB35097026}
		{4F158C66-6217-4FEA-B7FE-4F884CB41E25} = {DDB5BC5D-4999-4370-A45B-F7DB35097026}
		{25C54FCA-3344-45F4-92A0-2D140983D317} = {0F397448-B211-4DA9-B724-9243AC366984}
		{C8E462A6-F50E-4318-9677-619B517F5BA9} = {0F397448-B211-4DA9-B724-9243AC366984}
		{29B96EB9-B728-4341-82AF-045B6C0C5E66} = {0F397448-B211-4DA9-B724-9243AC366984}
	EndGlobalSection
	GlobalSection(ExtensibilityGlobals) = postSolution
		SolutionGuid = {787A7E9B-D531-4790-9374-FDCC52862709}
	EndGlobalSection
EndGlobal
